
Microsoft Visual Studio Solution File, Format Version 12.00
# Visual Studio Version 17
VisualStudioVersion = 17.8.34309.116
MinimumVisualStudioVersion = 10.0.40219.1
Project("{2150E333-8FDC-42A3-9474-1A3956D46DE8}") = "Services", "Services", "{47AEFC66-9357-428B-864F-AC99C67F750E}"
EndProject
Project("{2150E333-8FDC-42A3-9474-1A3956D46DE8}") = "Catalog", "Catalog", "{DDEB9D4E-B26B-4441-A6E5-49FB411AC051}"
EndProject
Project("{9A19103F-16F7-4668-BE54-9A1E7A4F7556}") = "Catalog.API", "Services\Catalog\Catalog.API\Catalog.API.csproj", "{B5563E0F-02C1-451D-A2AE-5272C4C5094C}"
EndProject
Project("{E53339B2-1760-4266-BCC7-CA923CBCF16C}") = "docker-compose", "docker-compose.dcproj", "{7C62CA85-A2F2-4424-97AF-0A265B559745}"
EndProject
Project("{2150E333-8FDC-42A3-9474-1A3956D46DE8}") = "Basket", "Basket", "{8A0B428C-EA75-4EB3-BA94-FBBD7BF27F18}"
EndProject
Project("{9A19103F-16F7-4668-BE54-9A1E7A4F7556}") = "Basket.API", "Services\Basket\Basket.API\Basket.API.csproj", "{8540F50F-28FB-4A6F-AD90-46A27AAF4481}"
EndProject
Project("{2150E333-8FDC-42A3-9474-1A3956D46DE8}") = "Discount", "Discount", "{AD2AB264-00C9-45F5-8046-A44F23A52EB0}"
EndProject
Project("{9A19103F-16F7-4668-BE54-9A1E7A4F7556}") = "Discount.API", "Services\Discount\Discount.API\Discount.API.csproj", "{4BE5B3AD-4D35-4EEF-8E10-79443D78EE6D}"
EndProject
Project("{9A19103F-16F7-4668-BE54-9A1E7A4F7556}") = "Discount.Grpc", "Services\Discount\Discount.Grpc\Discount.Grpc.csproj", "{E170FA3D-AF36-41D6-9169-0FF8E5ABEEF0}"
EndProject
Project("{2150E333-8FDC-42A3-9474-1A3956D46DE8}") = "Ordering", "Ordering", "{2DF11E20-A08B-4DB4-9522-7D579E3D95AA}"
EndProject
Project("{FAE04EC0-301F-11D3-BF4B-00C04F79EFBC}") = "Ordering.API", "Services\Ordering\Ordering.API\Ordering.API.csproj", "{DFEF3193-5DFC-45FB-96DD-58677FA91561}"
EndProject
Project("{FAE04EC0-301F-11D3-BF4B-00C04F79EFBC}") = "Ordering.Infrastructure", "Services\Ordering\Ordering.Infrastructure\Ordering.Infrastructure.csproj", "{DF455B9E-D3C4-40FF-B422-B0797D80BC85}"
EndProject
Project("{FAE04EC0-301F-11D3-BF4B-00C04F79EFBC}") = "Ordering.Application", "Services\Ordering\Ordering.Application\Ordering.Application.csproj", "{C5C27379-47BB-4B04-8E61-282EA601D46A}"
EndProject
Project("{FAE04EC0-301F-11D3-BF4B-00C04F79EFBC}") = "Ordering.Domain", "Services\Ordering\Ordering.Domain\Ordering.Domain.csproj", "{D468B12B-A94F-4EF7-ACB5-017CE405E4E3}"
EndProject
Global
	GlobalSection(SolutionConfigurationPlatforms) = preSolution
		Debug|Any CPU = Debug|Any CPU
		Release|Any CPU = Release|Any CPU
	EndGlobalSection
	GlobalSection(ProjectConfigurationPlatforms) = postSolution
		{B5563E0F-02C1-451D-A2AE-5272C4C5094C}.Debug|Any CPU.ActiveCfg = Debug|Any CPU
		{B5563E0F-02C1-451D-A2AE-5272C4C5094C}.Debug|Any CPU.Build.0 = Debug|Any CPU
		{B5563E0F-02C1-451D-A2AE-5272C4C5094C}.Release|Any CPU.ActiveCfg = Release|Any CPU
		{B5563E0F-02C1-451D-A2AE-5272C4C5094C}.Release|Any CPU.Build.0 = Release|Any CPU
		{7C62CA85-A2F2-4424-97AF-0A265B559745}.Debug|Any CPU.ActiveCfg = Debug|Any CPU
		{7C62CA85-A2F2-4424-97AF-0A265B559745}.Debug|Any CPU.Build.0 = Debug|Any CPU
		{7C62CA85-A2F2-4424-97AF-0A265B559745}.Release|Any CPU.ActiveCfg = Release|Any CPU
		{7C62CA85-A2F2-4424-97AF-0A265B559745}.Release|Any CPU.Build.0 = Release|Any CPU
		{8540F50F-28FB-4A6F-AD90-46A27AAF4481}.Debug|Any CPU.ActiveCfg = Debug|Any CPU
		{8540F50F-28FB-4A6F-AD90-46A27AAF4481}.Debug|Any CPU.Build.0 = Debug|Any CPU
		{8540F50F-28FB-4A6F-AD90-46A27AAF4481}.Release|Any CPU.ActiveCfg = Release|Any CPU
		{8540F50F-28FB-4A6F-AD90-46A27AAF4481}.Release|Any CPU.Build.0 = Release|Any CPU
		{4BE5B3AD-4D35-4EEF-8E10-79443D78EE6D}.Debug|Any CPU.ActiveCfg = Debug|Any CPU
		{4BE5B3AD-4D35-4EEF-8E10-79443D78EE6D}.Debug|Any CPU.Build.0 = Debug|Any CPU
		{4BE5B3AD-4D35-4EEF-8E10-79443D78EE6D}.Release|Any CPU.ActiveCfg = Release|Any CPU
		{4BE5B3AD-4D35-4EEF-8E10-79443D78EE6D}.Release|Any CPU.Build.0 = Release|Any CPU
		{E170FA3D-AF36-41D6-9169-0FF8E5ABEEF0}.Debug|Any CPU.ActiveCfg = Debug|Any CPU
		{E170FA3D-AF36-41D6-9169-0FF8E5ABEEF0}.Debug|Any CPU.Build.0 = Debug|Any CPU
		{E170FA3D-AF36-41D6-9169-0FF8E5ABEEF0}.Release|Any CPU.ActiveCfg = Release|Any CPU
		{E170FA3D-AF36-41D6-9169-0FF8E5ABEEF0}.Release|Any CPU.Build.0 = Release|Any CPU
		{DFEF3193-5DFC-45FB-96DD-58677FA91561}.Debug|Any CPU.ActiveCfg = Debug|Any CPU
		{DFEF3193-5DFC-45FB-96DD-58677FA91561}.Debug|Any CPU.Build.0 = Debug|Any CPU
		{DFEF3193-5DFC-45FB-96DD-58677FA91561}.Release|Any CPU.ActiveCfg = Release|Any CPU
		{DFEF3193-5DFC-45FB-96DD-58677FA91561}.Release|Any CPU.Build.0 = Release|Any CPU
		{DF455B9E-D3C4-40FF-B422-B0797D80BC85}.Debug|Any CPU.ActiveCfg = Debug|Any CPU
		{DF455B9E-D3C4-40FF-B422-B0797D80BC85}.Debug|Any CPU.Build.0 = Debug|Any CPU
		{DF455B9E-D3C4-40FF-B422-B0797D80BC85}.Release|Any CPU.ActiveCfg = Release|Any CPU
		{DF455B9E-D3C4-40FF-B422-B0797D80BC85}.Release|Any CPU.Build.0 = Release|Any CPU
		{C5C27379-47BB-4B04-8E61-282EA601D46A}.Debug|Any CPU.ActiveCfg = Debug|Any CPU
		{C5C27379-47BB-4B04-8E61-282EA601D46A}.Debug|Any CPU.Build.0 = Debug|Any CPU
		{C5C27379-47BB-4B04-8E61-282EA601D46A}.Release|Any CPU.ActiveCfg = Release|Any CPU
		{C5C27379-47BB-4B04-8E61-282EA601D46A}.Release|Any CPU.Build.0 = Release|Any CPU
		{D468B12B-A94F-4EF7-ACB5-017CE405E4E3}.Debug|Any CPU.ActiveCfg = Debug|Any CPU
		{D468B12B-A94F-4EF7-ACB5-017CE405E4E3}.Debug|Any CPU.Build.0 = Debug|Any CPU
		{D468B12B-A94F-4EF7-ACB5-017CE405E4E3}.Release|Any CPU.ActiveCfg = Release|Any CPU
		{D468B12B-A94F-4EF7-ACB5-017CE405E4E3}.Release|Any CPU.Build.0 = Release|Any CPU
	EndGlobalSection
	GlobalSection(SolutionProperties) = preSolution
		HideSolutionNode = FALSE
	EndGlobalSection
	GlobalSection(NestedProjects) = preSolution
		{DDEB9D4E-B26B-4441-A6E5-49FB411AC051} = {47AEFC66-9357-428B-864F-AC99C67F750E}
		{B5563E0F-02C1-451D-A2AE-5272C4C5094C} = {DDEB9D4E-B26B-4441-A6E5-49FB411AC051}
		{8A0B428C-EA75-4EB3-BA94-FBBD7BF27F18} = {47AEFC66-9357-428B-864F-AC99C67F750E}
		{8540F50F-28FB-4A6F-AD90-46A27AAF4481} = {8A0B428C-EA75-4EB3-BA94-FBBD7BF27F18}
		{AD2AB264-00C9-45F5-8046-A44F23A52EB0} = {47AEFC66-9357-428B-864F-AC99C67F750E}
		{4BE5B3AD-4D35-4EEF-8E10-79443D78EE6D} = {AD2AB264-00C9-45F5-8046-A44F23A52EB0}
		{E170FA3D-AF36-41D6-9169-0FF8E5ABEEF0} = {AD2AB264-00C9-45F5-8046-A44F23A52EB0}
		{2DF11E20-A08B-4DB4-9522-7D579E3D95AA} = {47AEFC66-9357-428B-864F-AC99C67F750E}
		{DFEF3193-5DFC-45FB-96DD-58677FA91561} = {2DF11E20-A08B-4DB4-9522-7D579E3D95AA}
		{DF455B9E-D3C4-40FF-B422-B0797D80BC85} = {2DF11E20-A08B-4DB4-9522-7D579E3D95AA}
		{C5C27379-47BB-4B04-8E61-282EA601D46A} = {2DF11E20-A08B-4DB4-9522-7D579E3D95AA}
		{D468B12B-A94F-4EF7-ACB5-017CE405E4E3} = {2DF11E20-A08B-4DB4-9522-7D579E3D95AA}
	EndGlobalSection
	GlobalSection(ExtensibilityGlobals) = postSolution
		SolutionGuid = {6A1BA63A-5B2B-41A1-B56D-2666EDFED284}
	EndGlobalSection
EndGlobal
